
Microsoft Visual Studio Solution File, Format Version 12.00
# Visual Studio Version 16
VisualStudioVersion = 16.0.28516.95
MinimumVisualStudioVersion = 10.0.40219.1
Project("{FAE04EC0-301F-11D3-BF4B-00C04F79EFBC}") = "Oeis.A002845", "Oeis.A002845.csproj", "{687D0E0F-49C4-4BBF-A6DF-8280B5A70AC5}"
EndProject
Project("{FAE04EC0-301F-11D3-BF4B-00C04F79EFBC}") = "Oeis.A002845.ConsoleApp", "ConsoleApp\Oeis.A002845.ConsoleApp.csproj", "{45D0DCCE-800D-4127-AC3A-3CAA16A96752}"
EndProject
Project("{FAE04EC0-301F-11D3-BF4B-00C04F79EFBC}") = "Oeis.A002845.Tests", "Tests\Oeis.A002845.Tests.csproj", "{57A13429-6500-4388-BFAF-0483313047A3}"
EndProject
Global
	GlobalSection(SolutionConfigurationPlatforms) = preSolution
		Debug|Any CPU = Debug|Any CPU
		Release|Any CPU = Release|Any CPU
	EndGlobalSection
	GlobalSection(ProjectConfigurationPlatforms) = postSolution
		{687D0E0F-49C4-4BBF-A6DF-8280B5A70AC5}.Debug|Any CPU.ActiveCfg = Debug|Any CPU
		{687D0E0F-49C4-4BBF-A6DF-8280B5A70AC5}.Debug|Any CPU.Build.0 = Debug|Any CPU
		{687D0E0F-49C4-4BBF-A6DF-8280B5A70AC5}.Release|Any CPU.ActiveCfg = Release|Any CPU
		{687D0E0F-49C4-4BBF-A6DF-8280B5A70AC5}.Release|Any CPU.Build.0 = Release|Any CPU
		{45D0DCCE-800D-4127-AC3A-3CAA16A96752}.Debug|Any CPU.ActiveCfg = Debug|Any CPU
		{45D0DCCE-800D-4127-AC3A-3CAA16A96752}.Debug|Any CPU.Build.0 = Debug|Any CPU
		{45D0DCCE-800D-4127-AC3A-3CAA16A96752}.Release|Any CPU.ActiveCfg = Release|Any CPU
		{45D0DCCE-800D-4127-AC3A-3CAA16A96752}.Release|Any CPU.Build.0 = Release|Any CPU
		{57A13429-6500-4388-BFAF-0483313047A3}.Debug|Any CPU.ActiveCfg = Debug|Any CPU
		{57A13429-6500-4388-BFAF-0483313047A3}.Debug|Any CPU.Build.0 = Debug|Any CPU
		{57A13429-6500-4388-BFAF-0483313047A3}.Release|Any CPU.ActiveCfg = Release|Any CPU
		{57A13429-6500-4388-BFAF-0483313047A3}.Release|Any CPU.Build.0 = Release|Any CPU
	EndGlobalSection
	GlobalSection(SolutionProperties) = preSolution
		HideSolutionNode = FALSE
	EndGlobalSection
	GlobalSection(ExtensibilityGlobals) = postSolution
		SolutionGuid = {B44E4255-D02A-4F04-A255-B3A1CD02DA94}
	EndGlobalSection
EndGlobal
